git.ignitelabs.net/janos/core v0.0.29 h1:BU39CR79B7GEW059WiVZAtN7wk7iFFjSdAOAP6Fkvws=
git.ignitelabs.net/janos/core v0.0.29/go.mod h1:v7h2thP1BUesnYFvE9PMk3ZjeVQwnfrIFzPpyjmdS00=
git.ignitelabs.net/janos/core v0.0.30 h1:ymuU9Zmj6EeYixKIOWdfRfNEwQDDenkLeJRtUYUVKD0=
git.ignitelabs.net/janos/core v0.0.30/go.mod h1:v7h2thP1BUesnYFvE9PMk3ZjeVQwnfrIFzPpyjmdS00=
git.ignitelabs.net/janos/core v0.0.31 h1:RiBH5KGyKyZXl1soG5eCu+wBbrN/NmlrDJt4ZIYpMlM=
git.ignitelabs.net/janos/core v0.0.31/go.mod h1:v7h2thP1BUesnYFvE9PMk3ZjeVQwnfrIFzPpyjmdS00=
git.ignitelabs.net/janos/core v0.0.32 h1:KMJykmbQzGdPW5OkW+BT6ZVQMoTkBYqRvWKqhFmNozU=
git.ignitelabs.net/janos/core v0.0.32/go.mod h1:v7h2thP1BUesnYFvE9PMk3ZjeVQwnfrIFzPpyjmdS00=
git.ignitelabs.net/janos/core v0.0.33 h1:AmKK6rZuZzygtFa6jNjp9bW6i+fzBLNGg1l3anBhTOg=
git.ignitelabs.net/janos/core v0.0.33/go.mod h1:v7h2thP1BUesnYFvE9PMk3ZjeVQwnfrIFzPpyjmdS00=
