git.ignitelabs.net/janos/core v0.0.16 h1:r5QH0T+kpQw5V9qh1vLR0OlLMNdKz3yRWQjAmSCLWbc=
git.ignitelabs.net/janos/core v0.0.16/go.mod h1:v7h2thP1BUesnYFvE9PMk3ZjeVQwnfrIFzPpyjmdS00=
git.ignitelabs.net/janos/core v0.0.17 h1:oUx07sasyx+we/xq/105L/NJxTOYkDBacpkzy4aiIhw=
git.ignitelabs.net/janos/core v0.0.17/go.mod h1:v7h2thP1BUesnYFvE9PMk3ZjeVQwnfrIFzPpyjmdS00=
git.ignitelabs.net/janos/core v0.0.18 h1:lD8a4qWVhpd06RnIcCSO4iOJ067N7xJo6RQ8Tzanyk0=
git.ignitelabs.net/janos/core v0.0.18/go.mod h1:v7h2thP1BUesnYFvE9PMk3ZjeVQwnfrIFzPpyjmdS00=
git.ignitelabs.net/janos/core v0.0.19/go.mod h1:v7h2thP1BUesnYFvE9PMk3ZjeVQwnfrIFzPpyjmdS00=
git.ignitelabs.net/janos/core v0.0.20 h1:kYcncr1xlqRso6YoCaiLU4XKurWI5u2E6V3B0hVZY6g=
git.ignitelabs.net/janos/core v0.0.20/go.mod h1:v7h2thP1BUesnYFvE9PMk3ZjeVQwnfrIFzPpyjmdS00=
git.ignitelabs.net/janos/core v0.0.21 h1:0MOJ73UkeE60J1LiI+0cr+N+b628HWg1poE7M7IQzTA=
git.ignitelabs.net/janos/core v0.0.21/go.mod h1:v7h2thP1BUesnYFvE9PMk3ZjeVQwnfrIFzPpyjmdS00=
git.ignitelabs.net/janos/core v0.0.22 h1:kECE2b4npaLfvAo/FL7Q/Z+Kh5rLXo3DVkz6vVSJJ1g=
git.ignitelabs.net/janos/core v0.0.22/go.mod h1:v7h2thP1BUesnYFvE9PMk3ZjeVQwnfrIFzPpyjmdS00=
